// !$*UTF8*$!
{
	archiveVersion = 1;
	classes = {
	};
	objectVersion = 46;
	objects = {

/* Begin PBXBuildFile section */
		05E2F0ADAA894E92A56F39EF /* libPods.a in Frameworks */ = {isa = PBXBuildFile; fileRef = 1D024AFE3CE74A5BBB79117C /* libPods.a */; };
		310CAA00170B1B1500A2AFF4 /* .gitignore in Resources */ = {isa = PBXBuildFile; fileRef = 310CA9E3170B1B1400A2AFF4 /* .gitignore */; };
		310CAA01170B1B1500A2AFF4 /* SRScreenRecorder.m in Sources */ = {isa = PBXBuildFile; fileRef = 310CA9E6170B1B1400A2AFF4 /* SRScreenRecorder.m */; };
		310CAA0E170B1B1500A2AFF4 /* KTouchPointerWindow.m in Sources */ = {isa = PBXBuildFile; fileRef = 310CA9FF170B1B1500A2AFF4 /* KTouchPointerWindow.m */; };
		312FEA5B17098FC300FC66F4 /* Anim.m in Sources */ = {isa = PBXBuildFile; fileRef = 312FEA5717098FC300FC66F4 /* Anim.m */; };
		312FEA5C17098FC300FC66F4 /* AnimController.m in Sources */ = {isa = PBXBuildFile; fileRef = 312FEA5917098FC300FC66F4 /* AnimController.m */; };
		312FEA5D17098FC300FC66F4 /* README.md in Resources */ = {isa = PBXBuildFile; fileRef = 312FEA5A17098FC300FC66F4 /* README.md */; };
		316C13FD17096C95002379D0 /* UIKit.framework in Frameworks */ = {isa = PBXBuildFile; fileRef = 316C13FC17096C95002379D0 /* UIKit.framework */; };
		316C13FF17096C95002379D0 /* Foundation.framework in Frameworks */ = {isa = PBXBuildFile; fileRef = 316C13FE17096C95002379D0 /* Foundation.framework */; };
		316C140117096C95002379D0 /* CoreGraphics.framework in Frameworks */ = {isa = PBXBuildFile; fileRef = 316C140017096C95002379D0 /* CoreGraphics.framework */; };
		316C140717096C95002379D0 /* InfoPlist.strings in Resources */ = {isa = PBXBuildFile; fileRef = 316C140517096C95002379D0 /* InfoPlist.strings */; };
		316C140917096C95002379D0 /* main.m in Sources */ = {isa = PBXBuildFile; fileRef = 316C140817096C95002379D0 /* main.m */; };
		316C140D17096C95002379D0 /* zdTestAppDelegate.m in Sources */ = {isa = PBXBuildFile; fileRef = 316C140C17096C95002379D0 /* zdTestAppDelegate.m */; };
		316C140F17096C95002379D0 /* Default.png in Resources */ = {isa = PBXBuildFile; fileRef = 316C140E17096C95002379D0 /* Default.png */; };
		316C141117096C95002379D0 /* Default@2x.png in Resources */ = {isa = PBXBuildFile; fileRef = 316C141017096C95002379D0 /* Default@2x.png */; };
		316C141317096C95002379D0 /* Default-568h@2x.png in Resources */ = {isa = PBXBuildFile; fileRef = 316C141217096C95002379D0 /* Default-568h@2x.png */; };
		316C141C170988CE002379D0 /* dashboardBG@2x.png in Resources */ = {isa = PBXBuildFile; fileRef = 316C141B170988CE002379D0 /* dashboardBG@2x.png */; };
		316C141F17098A30002379D0 /* anMainViewController.m in Sources */ = {isa = PBXBuildFile; fileRef = 316C141E17098A30002379D0 /* anMainViewController.m */; };
/* End PBXBuildFile section */

/* Begin PBXFileReference section */
		1D024AFE3CE74A5BBB79117C /* libPods.a */ = {isa = PBXFileReference; explicitFileType = archive.ar; includeInIndex = 0; path = libPods.a; sourceTree = BUILT_PRODUCTS_DIR; };
		310CA9E3170B1B1400A2AFF4 /* .gitignore */ = {isa = PBXFileReference; fileEncoding = 4; lastKnownFileType = text; path = .gitignore; sourceTree = "<group>"; };
		310CA9E5170B1B1400A2AFF4 /* SRScreenRecorder.h */ = {isa = PBXFileReference; fileEncoding = 4; lastKnownFileType = sourcecode.c.h; path = SRScreenRecorder.h; sourceTree = "<group>"; };
		310CA9E6170B1B1400A2AFF4 /* SRScreenRecorder.m */ = {isa = PBXFileReference; fileEncoding = 4; lastKnownFileType = sourcecode.c.objc; path = SRScreenRecorder.m; sourceTree = "<group>"; };
		310CA9FE170B1B1500A2AFF4 /* KTouchPointerWindow.h */ = {isa = PBXFileReference; fileEncoding = 4; lastKnownFileType = sourcecode.c.h; path = KTouchPointerWindow.h; sourceTree = "<group>"; };
		310CA9FF170B1B1500A2AFF4 /* KTouchPointerWindow.m */ = {isa = PBXFileReference; fileEncoding = 4; lastKnownFileType = sourcecode.c.objc; path = KTouchPointerWindow.m; sourceTree = "<group>"; };
		312FEA5617098FC300FC66F4 /* Anim.h */ = {isa = PBXFileReference; fileEncoding = 4; lastKnownFileType = sourcecode.c.h; name = Anim.h; path = ../../Anim.h; sourceTree = "<group>"; };
		312FEA5717098FC300FC66F4 /* Anim.m */ = {isa = PBXFileReference; fileEncoding = 4; lastKnownFileType = sourcecode.c.objc; name = Anim.m; path = ../../Anim.m; sourceTree = "<group>"; };
		312FEA5817098FC300FC66F4 /* AnimController.h */ = {isa = PBXFileReference; fileEncoding = 4; lastKnownFileType = sourcecode.c.h; name = AnimController.h; path = ../../AnimController.h; sourceTree = "<group>"; };
		312FEA5917098FC300FC66F4 /* AnimController.m */ = {isa = PBXFileReference; fileEncoding = 4; lastKnownFileType = sourcecode.c.objc; name = AnimController.m; path = ../../AnimController.m; sourceTree = "<group>"; };
		312FEA5A17098FC300FC66F4 /* README.md */ = {isa = PBXFileReference; fileEncoding = 4; lastKnownFileType = text; name = README.md; path = ../../README.md; sourceTree = "<group>"; };
		316C13F917096C95002379D0 /* AnimTest.app */ = {isa = PBXFileReference; explicitFileType = wrapper.application; includeInIndex = 0; path = AnimTest.app; sourceTree = BUILT_PRODUCTS_DIR; };
		316C13FC17096C95002379D0 /* UIKit.framework */ = {isa = PBXFileReference; lastKnownFileType = wrapper.framework; name = UIKit.framework; path = System/Library/Frameworks/UIKit.framework; sourceTree = SDKROOT; };
		316C13FE17096C95002379D0 /* Foundation.framework */ = {isa = PBXFileReference; lastKnownFileType = wrapper.framework; name = Foundation.framework; path = System/Library/Frameworks/Foundation.framework; sourceTree = SDKROOT; };
		316C140017096C95002379D0 /* CoreGraphics.framework */ = {isa = PBXFileReference; lastKnownFileType = wrapper.framework; name = CoreGraphics.framework; path = System/Library/Frameworks/CoreGraphics.framework; sourceTree = SDKROOT; };
		316C140417096C95002379D0 /* AnimTest-Info.plist */ = {isa = PBXFileReference; lastKnownFileType = text.plist.xml; path = "AnimTest-Info.plist"; sourceTree = "<group>"; };
		316C140617096C95002379D0 /* en */ = {isa = PBXFileReference; lastKnownFileType = text.plist.strings; name = en; path = en.lproj/InfoPlist.strings; sourceTree = "<group>"; };
		316C140817096C95002379D0 /* main.m */ = {isa = PBXFileReference; lastKnownFileType = sourcecode.c.objc; path = main.m; sourceTree = "<group>"; };
		316C140A17096C95002379D0 /* AnimTest-Prefix.pch */ = {isa = PBXFileReference; lastKnownFileType = sourcecode.c.h; path = "AnimTest-Prefix.pch"; sourceTree = "<group>"; };
		316C140B17096C95002379D0 /* zdTestAppDelegate.h */ = {isa = PBXFileReference; lastKnownFileType = sourcecode.c.h; path = zdTestAppDelegate.h; sourceTree = "<group>"; };
		316C140C17096C95002379D0 /* zdTestAppDelegate.m */ = {isa = PBXFileReference; lastKnownFileType = sourcecode.c.objc; path = zdTestAppDelegate.m; sourceTree = "<group>"; };
		316C140E17096C95002379D0 /* Default.png */ = {isa = PBXFileReference; lastKnownFileType = image.png; path = Default.png; sourceTree = "<group>"; };
		316C141017096C95002379D0 /* Default@2x.png */ = {isa = PBXFileReference; lastKnownFileType = image.png; path = "Default@2x.png"; sourceTree = "<group>"; };
		316C141217096C95002379D0 /* Default-568h@2x.png */ = {isa = PBXFileReference; lastKnownFileType = image.png; path = "Default-568h@2x.png"; sourceTree = "<group>"; };
		316C141B170988CE002379D0 /* dashboardBG@2x.png */ = {isa = PBXFileReference; lastKnownFileType = image.png; path = "dashboardBG@2x.png"; sourceTree = "<group>"; };
		316C141D17098A30002379D0 /* anMainViewController.h */ = {isa = PBXFileReference; fileEncoding = 4; lastKnownFileType = sourcecode.c.h; name = anMainViewController.h; path = lib/anMainViewController.h; sourceTree = "<group>"; };
		316C141E17098A30002379D0 /* anMainViewController.m */ = {isa = PBXFileReference; fileEncoding = 4; lastKnownFileType = sourcecode.c.objc; name = anMainViewController.m; path = lib/anMainViewController.m; sourceTree = "<group>"; };
		D919CD59FE6A430C8ACDD8B9 /* Pods.xcconfig */ = {isa = PBXFileReference; includeInIndex = 1; lastKnownFileType = text.xcconfig; name = Pods.xcconfig; path = Pods/Pods.xcconfig; sourceTree = SOURCE_ROOT; };
/* End PBXFileReference section */

/* Begin PBXFrameworksBuildPhase section */
		316C13F617096C95002379D0 /* Frameworks */ = {
			isa = PBXFrameworksBuildPhase;
			buildActionMask = 2147483647;
			files = (
				316C13FD17096C95002379D0 /* UIKit.framework in Frameworks */,
				316C13FF17096C95002379D0 /* Foundation.framework in Frameworks */,
				316C140117096C95002379D0 /* CoreGraphics.framework in Frameworks */,
				05E2F0ADAA894E92A56F39EF /* libPods.a in Frameworks */,
			);
			runOnlyForDeploymentPostprocessing = 0;
		};
/* End PBXFrameworksBuildPhase section */

/* Begin PBXGroup section */
		310CA9E2170B1B1400A2AFF4 /* ScreenRecorder */ = {
			isa = PBXGroup;
			children = (
				310CA9E3170B1B1400A2AFF4 /* .gitignore */,
				310CA9E4170B1B1400A2AFF4 /* Lib */,
				310CA9FD170B1B1500A2AFF4 /* Vendor */,
			);
			name = ScreenRecorder;
			path = lib/temp/ScreenRecorder;
			sourceTree = "<group>";
		};
		310CA9E4170B1B1400A2AFF4 /* Lib */ = {
			isa = PBXGroup;
			children = (
				310CA9E5170B1B1400A2AFF4 /* SRScreenRecorder.h */,
				310CA9E6170B1B1400A2AFF4 /* SRScreenRecorder.m */,
			);
			path = Lib;
			sourceTree = "<group>";
		};
		310CA9FD170B1B1500A2AFF4 /* Vendor */ = {
			isa = PBXGroup;
			children = (
				310CA9FE170B1B1500A2AFF4 /* KTouchPointerWindow.h */,
				310CA9FF170B1B1500A2AFF4 /* KTouchPointerWindow.m */,
			);
			path = Vendor;
			sourceTree = "<group>";
		};
		316C13F017096C95002379D0 = {
			isa = PBXGroup;
			children = (
				316C140217096C95002379D0 /* AnimTest */,
				316C13FB17096C95002379D0 /* Frameworks */,
				316C13FA17096C95002379D0 /* Products */,
				D919CD59FE6A430C8ACDD8B9 /* Pods.xcconfig */,
			);
			sourceTree = "<group>";
		};
		316C13FA17096C95002379D0 /* Products */ = {
			isa = PBXGroup;
			children = (
				316C13F917096C95002379D0 /* AnimTest.app */,
			);
			name = Products;
			sourceTree = "<group>";
		};
		316C13FB17096C95002379D0 /* Frameworks */ = {
			isa = PBXGroup;
			children = (
				316C13FC17096C95002379D0 /* UIKit.framework */,
				316C13FE17096C95002379D0 /* Foundation.framework */,
				316C140017096C95002379D0 /* CoreGraphics.framework */,
				1D024AFE3CE74A5BBB79117C /* libPods.a */,
			);
			name = Frameworks;
			sourceTree = "<group>";
		};
		316C140217096C95002379D0 /* AnimTest */ = {
			isa = PBXGroup;
			children = (
				310CA9E2170B1B1400A2AFF4 /* ScreenRecorder */,
				316C142017098A66002379D0 /* Anim */,
				316C140B17096C95002379D0 /* zdTestAppDelegate.h */,
				316C140C17096C95002379D0 /* zdTestAppDelegate.m */,
				316C141D17098A30002379D0 /* anMainViewController.h */,
				316C141E17098A30002379D0 /* anMainViewController.m */,
				316C1419170988CE002379D0 /* resources */,
				316C140317096C95002379D0 /* Supporting Files */,
			);
			path = AnimTest;
			sourceTree = "<group>";
		};
		316C140317096C95002379D0 /* Supporting Files */ = {
			isa = PBXGroup;
			children = (
				316C140417096C95002379D0 /* AnimTest-Info.plist */,
				316C140517096C95002379D0 /* InfoPlist.strings */,
				316C140817096C95002379D0 /* main.m */,
				316C140A17096C95002379D0 /* AnimTest-Prefix.pch */,
				316C140E17096C95002379D0 /* Default.png */,
				316C141017096C95002379D0 /* Default@2x.png */,
				316C141217096C95002379D0 /* Default-568h@2x.png */,
			);
			name = "Supporting Files";
			sourceTree = "<group>";
		};
		316C1419170988CE002379D0 /* resources */ = {
			isa = PBXGroup;
			children = (
				316C141A170988CE002379D0 /* gfx */,
			);
			name = resources;
			path = lib/resources;
			sourceTree = "<group>";
		};
		316C141A170988CE002379D0 /* gfx */ = {
			isa = PBXGroup;
			children = (
				316C141B170988CE002379D0 /* dashboardBG@2x.png */,
			);
			path = gfx;
			sourceTree = "<group>";
		};
		316C142017098A66002379D0 /* Anim */ = {
			isa = PBXGroup;
			children = (
				312FEA5617098FC300FC66F4 /* Anim.h */,
				312FEA5717098FC300FC66F4 /* Anim.m */,
				312FEA5817098FC300FC66F4 /* AnimController.h */,
				312FEA5917098FC300FC66F4 /* AnimController.m */,
				312FEA5A17098FC300FC66F4 /* README.md */,
			);
			name = Anim;
			sourceTree = "<group>";
		};
/* End PBXGroup section */

/* Begin PBXNativeTarget section */
		316C13F817096C95002379D0 /* AnimTest */ = {
			isa = PBXNativeTarget;
			buildConfigurationList = 316C141617096C95002379D0 /* Build configuration list for PBXNativeTarget "AnimTest" */;
			buildPhases = (
				316C13F517096C95002379D0 /* Sources */,
				316C13F617096C95002379D0 /* Frameworks */,
				316C13F717096C95002379D0 /* Resources */,
				0E518A2FA4714307961125EE /* Copy Pods Resources */,
			);
			buildRules = (
			);
			dependencies = (
			);
			name = AnimTest;
			productName = AnimTest;
			productReference = 316C13F917096C95002379D0 /* AnimTest.app */;
			productType = "com.apple.product-type.application";
		};
/* End PBXNativeTarget section */

/* Begin PBXProject section */
		316C13F117096C95002379D0 /* Project object */ = {
			isa = PBXProject;
			attributes = {
				CLASSPREFIX = zdTest;
				LastUpgradeCheck = 0460;
				ORGANIZATIONNAME = Zak;
			};
			buildConfigurationList = 316C13F417096C95002379D0 /* Build configuration list for PBXProject "AnimTest" */;
			compatibilityVersion = "Xcode 3.2";
			developmentRegion = English;
			hasScannedForEncodings = 0;
			knownRegions = (
				en,
			);
			mainGroup = 316C13F017096C95002379D0;
			productRefGroup = 316C13FA17096C95002379D0 /* Products */;
			projectDirPath = "";
			projectRoot = "";
			targets = (
				316C13F817096C95002379D0 /* AnimTest */,
			);
		};
/* End PBXProject section */

/* Begin PBXResourcesBuildPhase section */
		316C13F717096C95002379D0 /* Resources */ = {
			isa = PBXResourcesBuildPhase;
			buildActionMask = 2147483647;
			files = (
				316C140717096C95002379D0 /* InfoPlist.strings in Resources */,
				316C140F17096C95002379D0 /* Default.png in Resources */,
				316C141117096C95002379D0 /* Default@2x.png in Resources */,
				316C141317096C95002379D0 /* Default-568h@2x.png in Resources */,
				316C141C170988CE002379D0 /* dashboardBG@2x.png in Resources */,
				312FEA5D17098FC300FC66F4 /* README.md in Resources */,
				310CAA00170B1B1500A2AFF4 /* .gitignore in Resources */,
			);
			runOnlyForDeploymentPostprocessing = 0;
		};
/* End PBXResourcesBuildPhase section */

/* Begin PBXShellScriptBuildPhase section */
		0E518A2FA4714307961125EE /* Copy Pods Resources */ = {
			isa = PBXShellScriptBuildPhase;
			buildActionMask = 2147483647;
			files = (
			);
			inputPaths = (
			);
			name = "Copy Pods Resources";
			outputPaths = (
			);
			runOnlyForDeploymentPostprocessing = 0;
			shellPath = /bin/sh;
			shellScript = "\"${SRCROOT}/Pods/Pods-resources.sh\"\n";
		};
/* End PBXShellScriptBuildPhase section */

/* Begin PBXSourcesBuildPhase section */
		316C13F517096C95002379D0 /* Sources */ = {
			isa = PBXSourcesBuildPhase;
			buildActionMask = 2147483647;
			files = (
				316C140917096C95002379D0 /* main.m in Sources */,
				316C140D17096C95002379D0 /* zdTestAppDelegate.m in Sources */,
				316C141F17098A30002379D0 /* anMainViewController.m in Sources */,
				312FEA5B17098FC300FC66F4 /* Anim.m in Sources */,
				312FEA5C17098FC300FC66F4 /* AnimController.m in Sources */,
				310CAA01170B1B1500A2AFF4 /* SRScreenRecorder.m in Sources */,
				310CAA0E170B1B1500A2AFF4 /* KTouchPointerWindow.m in Sources */,
			);
			runOnlyForDeploymentPostprocessing = 0;
		};
/* End PBXSourcesBuildPhase section */

/* Begin PBXVariantGroup section */
		316C140517096C95002379D0 /* InfoPlist.strings */ = {
			isa = PBXVariantGroup;
			children = (
				316C140617096C95002379D0 /* en */,
			);
			name = InfoPlist.strings;
			sourceTree = "<group>";
		};
/* End PBXVariantGroup section */

/* Begin XCBuildConfiguration section */
		316C141417096C95002379D0 /* Debug */ = {
			isa = XCBuildConfiguration;
			buildSettings = {
				ALWAYS_SEARCH_USER_PATHS = NO;
				CLANG_CXX_LANGUAGE_STANDARD = "gnu++0x";
				CLANG_CXX_LIBRARY = "libc++";
				CLANG_ENABLE_OBJC_ARC = YES;
				CLANG_WARN_CONSTANT_CONVERSION = YES;
				CLANG_WARN_EMPTY_BODY = YES;
				CLANG_WARN_ENUM_CONVERSION = YES;
				CLANG_WARN_INT_CONVERSION = YES;
				CLANG_WARN__DUPLICATE_METHOD_MATCH = YES;
				"CODE_SIGN_IDENTITY[sdk=iphoneos*]" = "iPhone Developer";
				COPY_PHASE_STRIP = NO;
				GCC_C_LANGUAGE_STANDARD = gnu99;
				GCC_DYNAMIC_NO_PIC = NO;
				GCC_OPTIMIZATION_LEVEL = 0;
				GCC_PREPROCESSOR_DEFINITIONS = (
					"DEBUG=1",
					"$(inherited)",
				);
				GCC_SYMBOLS_PRIVATE_EXTERN = NO;
				GCC_WARN_ABOUT_RETURN_TYPE = YES;
				GCC_WARN_UNINITIALIZED_AUTOS = YES;
				GCC_WARN_UNUSED_VARIABLE = YES;
				IPHONEOS_DEPLOYMENT_TARGET = 6.1;
				ONLY_ACTIVE_ARCH = YES;
				SDKROOT = iphoneos;
			};
			name = Debug;
		};
		316C141517096C95002379D0 /* Release */ = {
			isa = XCBuildConfiguration;
			buildSettings = {
				ALWAYS_SEARCH_USER_PATHS = NO;
				CLANG_CXX_LANGUAGE_STANDARD = "gnu++0x";
				CLANG_CXX_LIBRARY = "libc++";
				CLANG_ENABLE_OBJC_ARC = YES;
				CLANG_WARN_CONSTANT_CONVERSION = YES;
				CLANG_WARN_EMPTY_BODY = YES;
				CLANG_WARN_ENUM_CONVERSION = YES;
				CLANG_WARN_INT_CONVERSION = YES;
				CLANG_WARN__DUPLICATE_METHOD_MATCH = YES;
				"CODE_SIGN_IDENTITY[sdk=iphoneos*]" = "iPhone Developer";
				COPY_PHASE_STRIP = YES;
				GCC_C_LANGUAGE_STANDARD = gnu99;
				GCC_WARN_ABOUT_RETURN_TYPE = YES;
				GCC_WARN_UNINITIALIZED_AUTOS = YES;
				GCC_WARN_UNUSED_VARIABLE = YES;
				IPHONEOS_DEPLOYMENT_TARGET = 6.1;
				OTHER_CFLAGS = "-DNS_BLOCK_ASSERTIONS=1";
				SDKROOT = iphoneos;
				VALIDATE_PRODUCT = YES;
			};
			name = Release;
		};
		316C141717096C95002379D0 /* Debug */ = {
			isa = XCBuildConfiguration;
			baseConfigurationReference = D919CD59FE6A430C8ACDD8B9 /* Pods.xcconfig */;
			buildSettings = {
				GCC_PRECOMPILE_PREFIX_HEADER = YES;
				GCC_PREFIX_HEADER = "AnimTest/AnimTest-Prefix.pch";
				INFOPLIST_FILE = "AnimTest/AnimTest-Info.plist";
				PRODUCT_NAME = "$(TARGET_NAME)";
				WRAPPER_EXTENSION = app;
			};
			name = Debug;
		};
		316C141817096C95002379D0 /* Release */ = {
			isa = XCBuildConfiguration;
			baseConfigurationReference = D919CD59FE6A430C8ACDD8B9 /* Pods.xcconfig */;
			buildSettings = {
				GCC_PRECOMPILE_PREFIX_HEADER = YES;
				GCC_PREFIX_HEADER = "AnimTest/AnimTest-Prefix.pch";
				INFOPLIST_FILE = "AnimTest/AnimTest-Info.plist";
				PRODUCT_NAME = "$(TARGET_NAME)";
				WRAPPER_EXTENSION = app;
			};
			name = Release;
		};
/* End XCBuildConfiguration section */

/* Begin XCConfigurationList section */
		316C13F417096C95002379D0 /* Build configuration list for PBXProject "AnimTest" */ = {
			isa = XCConfigurationList;
			buildConfigurations = (
				316C141417096C95002379D0 /* Debug */,
				316C141517096C95002379D0 /* Release */,
			);
			defaultConfigurationIsVisible = 0;
			defaultConfigurationName = Release;
		};
		316C141617096C95002379D0 /* Build configuration list for PBXNativeTarget "AnimTest" */ = {
			isa = XCConfigurationList;
			buildConfigurations = (
				316C141717096C95002379D0 /* Debug */,
				316C141817096C95002379D0 /* Release */,
			);
			defaultConfigurationIsVisible = 0;
			defaultConfigurationName = Release;
		};
/* End XCConfigurationList section */
	};
	rootObject = 316C13F117096C95002379D0 /* Project object */;
}
