// !$*UTF8*$!
{
	archiveVersion = 1;
	classes = {
	};
	objectVersion = 46;
	objects = {

/* Begin PBXBuildFile section */
		316C13FD17096C95002379D0 /* UIKit.framework in Frameworks */ = {isa = PBXBuildFile; fileRef = 316C13FC17096C95002379D0 /* UIKit.framework */; };
		316C13FF17096C95002379D0 /* Foundation.framework in Frameworks */ = {isa = PBXBuildFile; fileRef = 316C13FE17096C95002379D0 /* Foundation.framework */; };
		316C140117096C95002379D0 /* CoreGraphics.framework in Frameworks */ = {isa = PBXBuildFile; fileRef = 316C140017096C95002379D0 /* CoreGraphics.framework */; };
		316C140717096C95002379D0 /* InfoPlist.strings in Resources */ = {isa = PBXBuildFile; fileRef = 316C140517096C95002379D0 /* InfoPlist.strings */; };
		316C140917096C95002379D0 /* main.m in Sources */ = {isa = PBXBuildFile; fileRef = 316C140817096C95002379D0 /* main.m */; };
		316C140D17096C95002379D0 /* zdTestAppDelegate.m in Sources */ = {isa = PBXBuildFile; fileRef = 316C140C17096C95002379D0 /* zdTestAppDelegate.m */; };
		316C140F17096C95002379D0 /* Default.png in Resources */ = {isa = PBXBuildFile; fileRef = 316C140E17096C95002379D0 /* Default.png */; };
		316C141117096C95002379D0 /* Default@2x.png in Resources */ = {isa = PBXBuildFile; fileRef = 316C141017096C95002379D0 /* Default@2x.png */; };
		316C141317096C95002379D0 /* Default-568h@2x.png in Resources */ = {isa = PBXBuildFile; fileRef = 316C141217096C95002379D0 /* Default-568h@2x.png */; };
/* End PBXBuildFile section */

/* Begin PBXFileReference section */
		316C13F917096C95002379D0 /* AnimTest.app */ = {isa = PBXFileReference; explicitFileType = wrapper.application; includeInIndex = 0; path = AnimTest.app; sourceTree = BUILT_PRODUCTS_DIR; };
		316C13FC17096C95002379D0 /* UIKit.framework */ = {isa = PBXFileReference; lastKnownFileType = wrapper.framework; name = UIKit.framework; path = System/Library/Frameworks/UIKit.framework; sourceTree = SDKROOT; };
		316C13FE17096C95002379D0 /* Foundation.framework */ = {isa = PBXFileReference; lastKnownFileType = wrapper.framework; name = Foundation.framework; path = System/Library/Frameworks/Foundation.framework; sourceTree = SDKROOT; };
		316C140017096C95002379D0 /* CoreGraphics.framework */ = {isa = PBXFileReference; lastKnownFileType = wrapper.framework; name = CoreGraphics.framework; path = System/Library/Frameworks/CoreGraphics.framework; sourceTree = SDKROOT; };
		316C140417096C95002379D0 /* AnimTest-Info.plist */ = {isa = PBXFileReference; lastKnownFileType = text.plist.xml; path = "AnimTest-Info.plist"; sourceTree = "<group>"; };
		316C140617096C95002379D0 /* en */ = {isa = PBXFileReference; lastKnownFileType = text.plist.strings; name = en; path = en.lproj/InfoPlist.strings; sourceTree = "<group>"; };
		316C140817096C95002379D0 /* main.m */ = {isa = PBXFileReference; lastKnownFileType = sourcecode.c.objc; path = main.m; sourceTree = "<group>"; };
		316C140A17096C95002379D0 /* AnimTest-Prefix.pch */ = {isa = PBXFileReference; lastKnownFileType = sourcecode.c.h; path = "AnimTest-Prefix.pch"; sourceTree = "<group>"; };
		316C140B17096C95002379D0 /* zdTestAppDelegate.h */ = {isa = PBXFileReference; lastKnownFileType = sourcecode.c.h; path = zdTestAppDelegate.h; sourceTree = "<group>"; };
		316C140C17096C95002379D0 /* zdTestAppDelegate.m */ = {isa = PBXFileReference; lastKnownFileType = sourcecode.c.objc; path = zdTestAppDelegate.m; sourceTree = "<group>"; };
		316C140E17096C95002379D0 /* Default.png */ = {isa = PBXFileReference; lastKnownFileType = image.png; path = Default.png; sourceTree = "<group>"; };
		316C141017096C95002379D0 /* Default@2x.png */ = {isa = PBXFileReference; lastKnownFileType = image.png; path = "Default@2x.png"; sourceTree = "<group>"; };
		316C141217096C95002379D0 /* Default-568h@2x.png */ = {isa = PBXFileReference; lastKnownFileType = image.png; path = "Default-568h@2x.png"; sourceTree = "<group>"; };
/* End PBXFileReference section */

/* Begin PBXFrameworksBuildPhase section */
		316C13F617096C95002379D0 /* Frameworks */ = {
			isa = PBXFrameworksBuildPhase;
			buildActionMask = 2147483647;
			files = (
				316C13FD17096C95002379D0 /* UIKit.framework in Frameworks */,
				316C13FF17096C95002379D0 /* Foundation.framework in Frameworks */,
				316C140117096C95002379D0 /* CoreGraphics.framework in Frameworks */,
			);
			runOnlyForDeploymentPostprocessing = 0;
		};
/* End PBXFrameworksBuildPhase section */

/* Begin PBXGroup section */
		316C13F017096C95002379D0 = {
			isa = PBXGroup;
			children = (
				316C140217096C95002379D0 /* AnimTest */,
				316C13FB17096C95002379D0 /* Frameworks */,
				316C13FA17096C95002379D0 /* Products */,
			);
			sourceTree = "<group>";
		};
		316C13FA17096C95002379D0 /* Products */ = {
			isa = PBXGroup;
			children = (
				316C13F917096C95002379D0 /* AnimTest.app */,
			);
			name = Products;
			sourceTree = "<group>";
		};
		316C13FB17096C95002379D0 /* Frameworks */ = {
			isa = PBXGroup;
			children = (
				316C13FC17096C95002379D0 /* UIKit.framework */,
				316C13FE17096C95002379D0 /* Foundation.framework */,
				316C140017096C95002379D0 /* CoreGraphics.framework */,
			);
			name = Frameworks;
			sourceTree = "<group>";
		};
		316C140217096C95002379D0 /* AnimTest */ = {
			isa = PBXGroup;
			children = (
				316C140B17096C95002379D0 /* zdTestAppDelegate.h */,
				316C140C17096C95002379D0 /* zdTestAppDelegate.m */,
				316C140317096C95002379D0 /* Supporting Files */,
			);
			path = AnimTest;
			sourceTree = "<group>";
		};
		316C140317096C95002379D0 /* Supporting Files */ = {
			isa = PBXGroup;
			children = (
				316C140417096C95002379D0 /* AnimTest-Info.plist */,
				316C140517096C95002379D0 /* InfoPlist.strings */,
				316C140817096C95002379D0 /* main.m */,
				316C140A17096C95002379D0 /* AnimTest-Prefix.pch */,
				316C140E17096C95002379D0 /* Default.png */,
				316C141017096C95002379D0 /* Default@2x.png */,
				316C141217096C95002379D0 /* Default-568h@2x.png */,
			);
			name = "Supporting Files";
			sourceTree = "<group>";
		};
/* End PBXGroup section */

/* Begin PBXNativeTarget section */
		316C13F817096C95002379D0 /* AnimTest */ = {
			isa = PBXNativeTarget;
			buildConfigurationList = 316C141617096C95002379D0 /* Build configuration list for PBXNativeTarget "AnimTest" */;
			buildPhases = (
				316C13F517096C95002379D0 /* Sources */,
				316C13F617096C95002379D0 /* Frameworks */,
				316C13F717096C95002379D0 /* Resources */,
			);
			buildRules = (
			);
			dependencies = (
			);
			name = AnimTest;
			productName = AnimTest;
			productReference = 316C13F917096C95002379D0 /* AnimTest.app */;
			productType = "com.apple.product-type.application";
		};
/* End PBXNativeTarget section */

/* Begin PBXProject section */
		316C13F117096C95002379D0 /* Project object */ = {
			isa = PBXProject;
			attributes = {
				CLASSPREFIX = zdTest;
				LastUpgradeCheck = 0460;
				ORGANIZATIONNAME = Zak;
			};
			buildConfigurationList = 316C13F417096C95002379D0 /* Build configuration list for PBXProject "AnimTest" */;
			compatibilityVersion = "Xcode 3.2";
			developmentRegion = English;
			hasScannedForEncodings = 0;
			knownRegions = (
				en,
			);
			mainGroup = 316C13F017096C95002379D0;
			productRefGroup = 316C13FA17096C95002379D0 /* Products */;
			projectDirPath = "";
			projectRoot = "";
			targets = (
				316C13F817096C95002379D0 /* AnimTest */,
			);
		};
/* End PBXProject section */

/* Begin PBXResourcesBuildPhase section */
		316C13F717096C95002379D0 /* Resources */ = {
			isa = PBXResourcesBuildPhase;
			buildActionMask = 2147483647;
			files = (
				316C140717096C95002379D0 /* InfoPlist.strings in Resources */,
				316C140F17096C95002379D0 /* Default.png in Resources */,
				316C141117096C95002379D0 /* Default@2x.png in Resources */,
				316C141317096C95002379D0 /* Default-568h@2x.png in Resources */,
			);
			runOnlyForDeploymentPostprocessing = 0;
		};
/* End PBXResourcesBuildPhase section */

/* Begin PBXSourcesBuildPhase section */
		316C13F517096C95002379D0 /* Sources */ = {
			isa = PBXSourcesBuildPhase;
			buildActionMask = 2147483647;
			files = (
				316C140917096C95002379D0 /* main.m in Sources */,
				316C140D17096C95002379D0 /* zdTestAppDelegate.m in Sources */,
			);
			runOnlyForDeploymentPostprocessing = 0;
		};
/* End PBXSourcesBuildPhase section */

/* Begin PBXVariantGroup section */
		316C140517096C95002379D0 /* InfoPlist.strings */ = {
			isa = PBXVariantGroup;
			children = (
				316C140617096C95002379D0 /* en */,
			);
			name = InfoPlist.strings;
			sourceTree = "<group>";
		};
/* End PBXVariantGroup section */

/* Begin XCBuildConfiguration section */
		316C141417096C95002379D0 /* Debug */ = {
			isa = XCBuildConfiguration;
			buildSettings = {
				ALWAYS_SEARCH_USER_PATHS = NO;
				CLANG_CXX_LANGUAGE_STANDARD = "gnu++0x";
				CLANG_CXX_LIBRARY = "libc++";
				CLANG_ENABLE_OBJC_ARC = YES;
				CLANG_WARN_CONSTANT_CONVERSION = YES;
				CLANG_WARN_EMPTY_BODY = YES;
				CLANG_WARN_ENUM_CONVERSION = YES;
				CLANG_WARN_INT_CONVERSION = YES;
				CLANG_WARN__DUPLICATE_METHOD_MATCH = YES;
				"CODE_SIGN_IDENTITY[sdk=iphoneos*]" = "iPhone Developer";
				COPY_PHASE_STRIP = NO;
				GCC_C_LANGUAGE_STANDARD = gnu99;
				GCC_DYNAMIC_NO_PIC = NO;
				GCC_OPTIMIZATION_LEVEL = 0;
				GCC_PREPROCESSOR_DEFINITIONS = (
					"DEBUG=1",
					"$(inherited)",
				);
				GCC_SYMBOLS_PRIVATE_EXTERN = NO;
				GCC_WARN_ABOUT_RETURN_TYPE = YES;
				GCC_WARN_UNINITIALIZED_AUTOS = YES;
				GCC_WARN_UNUSED_VARIABLE = YES;
				IPHONEOS_DEPLOYMENT_TARGET = 6.1;
				ONLY_ACTIVE_ARCH = YES;
				SDKROOT = iphoneos;
			};
			name = Debug;
		};
		316C141517096C95002379D0 /* Release */ = {
			isa = XCBuildConfiguration;
			buildSettings = {
				ALWAYS_SEARCH_USER_PATHS = NO;
				CLANG_CXX_LANGUAGE_STANDARD = "gnu++0x";
				CLANG_CXX_LIBRARY = "libc++";
				CLANG_ENABLE_OBJC_ARC = YES;
				CLANG_WARN_CONSTANT_CONVERSION = YES;
				CLANG_WARN_EMPTY_BODY = YES;
				CLANG_WARN_ENUM_CONVERSION = YES;
				CLANG_WARN_INT_CONVERSION = YES;
				CLANG_WARN__DUPLICATE_METHOD_MATCH = YES;
				"CODE_SIGN_IDENTITY[sdk=iphoneos*]" = "iPhone Developer";
				COPY_PHASE_STRIP = YES;
				GCC_C_LANGUAGE_STANDARD = gnu99;
				GCC_WARN_ABOUT_RETURN_TYPE = YES;
				GCC_WARN_UNINITIALIZED_AUTOS = YES;
				GCC_WARN_UNUSED_VARIABLE = YES;
				IPHONEOS_DEPLOYMENT_TARGET = 6.1;
				OTHER_CFLAGS = "-DNS_BLOCK_ASSERTIONS=1";
				SDKROOT = iphoneos;
				VALIDATE_PRODUCT = YES;
			};
			name = Release;
		};
		316C141717096C95002379D0 /* Debug */ = {
			isa = XCBuildConfiguration;
			buildSettings = {
				GCC_PRECOMPILE_PREFIX_HEADER = YES;
				GCC_PREFIX_HEADER = "AnimTest/AnimTest-Prefix.pch";
				INFOPLIST_FILE = "AnimTest/AnimTest-Info.plist";
				PRODUCT_NAME = "$(TARGET_NAME)";
				WRAPPER_EXTENSION = app;
			};
			name = Debug;
		};
		316C141817096C95002379D0 /* Release */ = {
			isa = XCBuildConfiguration;
			buildSettings = {
				GCC_PRECOMPILE_PREFIX_HEADER = YES;
				GCC_PREFIX_HEADER = "AnimTest/AnimTest-Prefix.pch";
				INFOPLIST_FILE = "AnimTest/AnimTest-Info.plist";
				PRODUCT_NAME = "$(TARGET_NAME)";
				WRAPPER_EXTENSION = app;
			};
			name = Release;
		};
/* End XCBuildConfiguration section */

/* Begin XCConfigurationList section */
		316C13F417096C95002379D0 /* Build configuration list for PBXProject "AnimTest" */ = {
			isa = XCConfigurationList;
			buildConfigurations = (
				316C141417096C95002379D0 /* Debug */,
				316C141517096C95002379D0 /* Release */,
			);
			defaultConfigurationIsVisible = 0;
			defaultConfigurationName = Release;
		};
		316C141617096C95002379D0 /* Build configuration list for PBXNativeTarget "AnimTest" */ = {
			isa = XCConfigurationList;
			buildConfigurations = (
				316C141717096C95002379D0 /* Debug */,
				316C141817096C95002379D0 /* Release */,
			);
			defaultConfigurationIsVisible = 0;
		};
/* End XCConfigurationList section */
	};
	rootObject = 316C13F117096C95002379D0 /* Project object */;
}
